
Microsoft Visual Studio Solution File, Format Version 12.00
# Visual Studio Version 16
VisualStudioVersion = 16.0.28729.10
MinimumVisualStudioVersion = 10.0.40219.1
Project("{FAE04EC0-301F-11D3-BF4B-00C04F79EFBC}") = "Coba2", "Coba2\Coba2.csproj", "{38860FF6-BC13-4F48-A592-8F515BC279FD}"
EndProject
Global
	GlobalSection(SolutionConfigurationPlatforms) = preSolution
		Debug|Any CPU = Debug|Any CPU
		Release|Any CPU = Release|Any CPU
	EndGlobalSection
	GlobalSection(ProjectConfigurationPlatforms) = postSolution
		{38860FF6-BC13-4F48-A592-8F515BC279FD}.Debug|Any CPU.ActiveCfg = Debug|Any CPU
		{38860FF6-BC13-4F48-A592-8F515BC279FD}.Debug|Any CPU.Build.0 = Debug|Any CPU
		{38860FF6-BC13-4F48-A592-8F515BC279FD}.Release|Any CPU.ActiveCfg = Release|Any CPU
		{38860FF6-BC13-4F48-A592-8F515BC279FD}.Release|Any CPU.Build.0 = Release|Any CPU
	EndGlobalSection
	GlobalSection(SolutionProperties) = preSolution
		HideSolutionNode = FALSE
	EndGlobalSection
	GlobalSection(ExtensibilityGlobals) = postSolution
		SolutionGuid = {629CFA10-6EAB-4A43-ACF2-A652CD0E9C63}
	EndGlobalSection
EndGlobal
